
Microsoft Visual Studio Solution File, Format Version 12.00
# Visual Studio Version 16
VisualStudioVersion = 16.0.31424.327
MinimumVisualStudioVersion = 10.0.40219.1
Project("{FAE04EC0-301F-11D3-BF4B-00C04F79EFBC}") = "EmployeeRDLCReport.WebUI", "EmployeeRDLCReport.WebUI\EmployeeRDLCReport.WebUI.csproj", "{4DFFE596-216D-4CFB-A303-9F8BE892F4AD}"
EndProject
Project("{FAE04EC0-301F-11D3-BF4B-00C04F79EFBC}") = "EmployeeRDLCDesign", "EmployeeRDLCDesign\EmployeeRDLCDesign.csproj", "{B8459DBA-F164-4194-908E-E46FE7CF6E1C}"
EndProject
Global
	GlobalSection(SolutionConfigurationPlatforms) = preSolution
		Debug|Any CPU = Debug|Any CPU
		Release|Any CPU = Release|Any CPU
	EndGlobalSection
	GlobalSection(ProjectConfigurationPlatforms) = postSolution
		{4DFFE596-216D-4CFB-A303-9F8BE892F4AD}.Debug|Any CPU.ActiveCfg = Debug|Any CPU
		{4DFFE596-216D-4CFB-A303-9F8BE892F4AD}.Debug|Any CPU.Build.0 = Debug|Any CPU
		{4DFFE596-216D-4CFB-A303-9F8BE892F4AD}.Release|Any CPU.ActiveCfg = Release|Any CPU
		{4DFFE596-216D-4CFB-A303-9F8BE892F4AD}.Release|Any CPU.Build.0 = Release|Any CPU
		{B8459DBA-F164-4194-908E-E46FE7CF6E1C}.Debug|Any CPU.ActiveCfg = Debug|Any CPU
		{B8459DBA-F164-4194-908E-E46FE7CF6E1C}.Debug|Any CPU.Build.0 = Debug|Any CPU
		{B8459DBA-F164-4194-908E-E46FE7CF6E1C}.Release|Any CPU.ActiveCfg = Release|Any CPU
		{B8459DBA-F164-4194-908E-E46FE7CF6E1C}.Release|Any CPU.Build.0 = Release|Any CPU
	EndGlobalSection
	GlobalSection(SolutionProperties) = preSolution
		HideSolutionNode = FALSE
	EndGlobalSection
	GlobalSection(ExtensibilityGlobals) = postSolution
		SolutionGuid = {FE159798-BA30-4D1F-8A58-815D40FE7813}
	EndGlobalSection
EndGlobal
